Microsoft Visual Studio Solution File, Format Version 12.00
# Visual Studio Version 17
VisualStudioVersion = 17.0.31717.71
MinimumVisualStudioVersion = 10.0.40219.1
Project("{9A19103F-16F7-4668-BE54-9A1E7A4F7556}") = "Sc3S", "Sc3S.csproj", "{D28346DF-A1B8-4031-9EBC-4335A35F533A}"
EndProject
Project("{FAE04EC0-301F-11D3-BF4B-00C04F79EFBC}") = "Sc3S.Unit", "..\Sc3S.Unit\Sc3S.Unit.csproj", "{F6657776-6670-42B9-854F-268C8BA4966D}"
EndProject
Global
	GlobalSection(SolutionConfigurationPlatforms) = preSolution
		Debug|Any CPU = Debug|Any CPU
		Release|Any CPU = Release|Any CPU
	EndGlobalSection
	GlobalSection(ProjectConfigurationPlatforms) = postSolution
		{D28346DF-A1B8-4031-9EBC-4335A35F533A}.Debug|Any CPU.ActiveCfg = Debug|Any CPU
		{D28346DF-A1B8-4031-9EBC-4335A35F533A}.Debug|Any CPU.Build.0 = Debug|Any CPU
		{D28346DF-A1B8-4031-9EBC-4335A35F533A}.Release|Any CPU.ActiveCfg = Release|Any CPU
		{D28346DF-A1B8-4031-9EBC-4335A35F533A}.Release|Any CPU.Build.0 = Release|Any CPU
		{F6657776-6670-42B9-854F-268C8BA4966D}.Debug|Any CPU.ActiveCfg = Debug|Any CPU
		{F6657776-6670-42B9-854F-268C8BA4966D}.Debug|Any CPU.Build.0 = Debug|Any CPU
		{F6657776-6670-42B9-854F-268C8BA4966D}.Release|Any CPU.ActiveCfg = Release|Any CPU
		{F6657776-6670-42B9-854F-268C8BA4966D}.Release|Any CPU.Build.0 = Release|Any CPU
	EndGlobalSection
	GlobalSection(SolutionProperties) = preSolution
		HideSolutionNode = FALSE
	EndGlobalSection
	GlobalSection(ExtensibilityGlobals) = postSolution
		SolutionGuid = {4098C3A8-487C-43CE-8B39-64AA6CD72D2D}
	EndGlobalSection
EndGlobal
